
Microsoft Visual Studio Solution File, Format Version 12.00
# Visual Studio Version 17
VisualStudioVersion = 17.14.36518.9 d17.14
MinimumVisualStudioVersion = 10.0.40219.1
Project("{FAE04EC0-301F-11D3-BF4B-00C04F79EFBC}") = "videojatek", "videojatek\videojatek.csproj", "{08F74DD9-B575-496E-933E-61F899786897}"
EndProject
Global
	GlobalSection(SolutionConfigurationPlatforms) = preSolution
		Debug|Any CPU = Debug|Any CPU
		Release|Any CPU = Release|Any CPU
	EndGlobalSection
	GlobalSection(ProjectConfigurationPlatforms) = postSolution
		{08F74DD9-B575-496E-933E-61F899786897}.Debug|Any CPU.ActiveCfg = Debug|Any CPU
		{08F74DD9-B575-496E-933E-61F899786897}.Debug|Any CPU.Build.0 = Debug|Any CPU
		{08F74DD9-B575-496E-933E-61F899786897}.Release|Any CPU.ActiveCfg = Release|Any CPU
		{08F74DD9-B575-496E-933E-61F899786897}.Release|Any CPU.Build.0 = Release|Any CPU
	EndGlobalSection
	GlobalSection(SolutionProperties) = preSolution
		HideSolutionNode = FALSE
	EndGlobalSection
	GlobalSection(ExtensibilityGlobals) = postSolution
		SolutionGuid = {D7B92210-E2A6-4D81-998A-0B9B5C2CE867}
	EndGlobalSection
EndGlobal
